{"version":4,"terraform_version":"1.9.1","serial":64,"lineage":"00a0eac7-14ac-0cb2-1890-7aa558eb8467","outputs":{},"resources":[{"mode":"managed","type":"aws_instance","name":"postgres_instances_primary","provider":"provider[\"registry.opentofu.org/hashicorp/aws\"].primary_region","instances":[{"index_key":0,"schema_version":1,"attributes":{"ami":"ami-074e262099d145e90","arn":"arn:aws:ec2:eu-west-3:154983253182:instance/i-0cf646b34af1fad15","associate_public_ip_address":false,"availability_zone":"eu-west-3a","capacity_reservation_specification":[{"capacity_reservation_preference":"open","capacity_reservation_target":[]}],"cpu_core_count":1,"cpu_options":[{"amd_sev_snp":"","core_count":1,"threads_per_core":1}],"cpu_threads_per_core":1,"credit_specification":[{"cpu_credits":"standard"}],"disable_api_stop":false,"disable_api_termination":false,"ebs_block_device":[],"ebs_optimized":false,"enable_primary_ipv6":null,"enclave_options":[{"enabled":false}],"ephemeral_block_device":[],"get_password_data":false,"hibernation":false,"host_id":"","host_resource_group_arn":null,"iam_instance_profile":"","id":"i-0cf646b34af1fad15","instance_initiated_shutdown_behavior":"stop","instance_lifecycle":"","instance_market_options":[],"instance_state":"running","instance_type":"t2.micro","ipv6_address_count":0,"ipv6_addresses":[],"key_name":"","launch_template":[],"maintenance_options":[{"auto_recovery":"default"}],"metadata_options":[{"http_endpoint":"enabled","http_protocol_ipv6":"disabled","http_put_response_hop_limit":2,"http_tokens":"required","instance_metadata_tags":"disabled"}],"monitoring":false,"network_interface":[],"outpost_arn":"","password_data":"","placement_group":"","placement_partition_number":0,"primary_network_interface_id":"eni-03ff34d3b76a88adc","private_dns":"ip-10-11-1-14.eu-west-3.compute.internal","private_dns_name_options":[{"enable_resource_name_dns_a_record":false,"enable_resource_name_dns_aaaa_record":false,"hostname_type":"ip-name"}],"private_ip":"10.11.1.14","public_dns":"","public_ip":"","root_block_device":[{"delete_on_termination":true,"device_name":"/dev/xvda","encrypted":false,"iops":3000,"kms_key_id":"","tags":{},"tags_all":{},"throughput":125,"volume_id":"vol-05a46375dd4275303","volume_size":8,"volume_type":"gp3"}],"secondary_private_ips":[],"security_groups":[],"source_dest_check":true,"spot_instance_request_id":"","subnet_id":"subnet-00cc24a104704b625","tags":{"Name":"postgres-primary-1","application":"postgres","cost_center":"202506","environment":"primary_production","owner":"infra_user","project":"Revolut","region":"eu-west-3"},"tags_all":{"Name":"postgres-primary-1","application":"postgres","cost_center":"202506","environment":"primary_production","owner":"infra_user","project":"Revolut","region":"eu-west-3"},"tenancy":"default","timeouts":null,"user_data":null,"user_data_base64":null,"user_data_replace_on_change":false,"volume_tags":null,"vpc_security_group_ids":["sg-04c67e6884557a1db"]},"sensitive_attributes":[],"private":"eyJlMmJmYjczMC1lY2FhLTExZTYtOGY4OC0zNDM2M2JjN2M0YzAiOnsiY3JlYXRlIjo2MDAwMDAwMDAwMDAsImRlbGV0ZSI6MTIwMDAwMDAwMDAwMCwicmVhZCI6OTAwMDAwMDAwMDAwLCJ1cGRhdGUiOjYwMDAwMDAwMDAwMH0sInNjaGVtYV92ZXJzaW9uIjoiMSJ9","dependencies":["aws_security_group.postgres_sg_region1","aws_subnet.private_subnet_region1","aws_vpc.vpc_region1"]},{"index_key":1,"schema_version":1,"attributes":{"ami":"ami-074e262099d145e90","arn":"arn:aws:ec2:eu-west-3:154983253182:instance/i-0871e32e9e960960f","associate_public_ip_address":false,"availability_zone":"eu-west-3b","capacity_reservation_specification":[{"capacity_reservation_preference":"open","capacity_reservation_target":[]}],"cpu_core_count":1,"cpu_options":[{"amd_sev_snp":"","core_count":1,"threads_per_core":1}],"cpu_threads_per_core":1,"credit_specification":[{"cpu_credits":"standard"}],"disable_api_stop":false,"disable_api_termination":false,"ebs_block_device":[],"ebs_optimized":false,"enable_primary_ipv6":null,"enclave_options":[{"enabled":false}],"ephemeral_block_device":[],"get_password_data":false,"hibernation":false,"host_id":"","host_resource_group_arn":null,"iam_instance_profile":"","id":"i-0871e32e9e960960f","instance_initiated_shutdown_behavior":"stop","instance_lifecycle":"","instance_market_options":[],"instance_state":"running","instance_type":"t2.micro","ipv6_address_count":0,"ipv6_addresses":[],"key_name":"","launch_template":[],"maintenance_options":[{"auto_recovery":"default"}],"metadata_options":[{"http_endpoint":"enabled","http_protocol_ipv6":"disabled","http_put_response_hop_limit":2,"http_tokens":"required","instance_metadata_tags":"disabled"}],"monitoring":false,"network_interface":[],"outpost_arn":"","password_data":"","placement_group":"","placement_partition_number":0,"primary_network_interface_id":"eni-04619ae55940c27d4","private_dns":"ip-10-11-2-4.eu-west-3.compute.internal","private_dns_name_options":[{"enable_resource_name_dns_a_record":false,"enable_resource_name_dns_aaaa_record":false,"hostname_type":"ip-name"}],"private_ip":"10.11.2.4","public_dns":"","public_ip":"","root_block_device":[{"delete_on_termination":true,"device_name":"/dev/xvda","encrypted":false,"iops":3000,"kms_key_id":"","tags":{},"tags_all":{},"throughput":125,"volume_id":"vol-0ab0305d8997e6e3d","volume_size":8,"volume_type":"gp3"}],"secondary_private_ips":[],"security_groups":[],"source_dest_check":true,"spot_instance_request_id":"","subnet_id":"subnet-090e740f782d7e430","tags":{"Name":"postgres-primary-2","application":"postgres","cost_center":"202506","environment":"primary_production","owner":"infra_user","project":"Revolut","region":"eu-west-3"},"tags_all":{"Name":"postgres-primary-2","application":"postgres","cost_center":"202506","environment":"primary_production","owner":"infra_user","project":"Revolut","region":"eu-west-3"},"tenancy":"default","timeouts":null,"user_data":null,"user_data_base64":null,"user_data_replace_on_change":false,"volume_tags":null,"vpc_security_group_ids":["sg-04c67e6884557a1db"]},"sensitive_attributes":[],"private":"eyJlMmJmYjczMC1lY2FhLTExZTYtOGY4OC0zNDM2M2JjN2M0YzAiOnsiY3JlYXRlIjo2MDAwMDAwMDAwMDAsImRlbGV0ZSI6MTIwMDAwMDAwMDAwMCwicmVhZCI6OTAwMDAwMDAwMDAwLCJ1cGRhdGUiOjYwMDAwMDAwMDAwMH0sInNjaGVtYV92ZXJzaW9uIjoiMSJ9","dependencies":["aws_security_group.postgres_sg_region1","aws_subnet.private_subnet_region1","aws_vpc.vpc_region1"]}]},{"mode":"managed","type":"aws_instance","name":"postgres_instances_secondary","provider":"provider[\"registry.opentofu.org/hashicorp/aws\"].secondary_region","instances":[{"index_key":0,"schema_version":1,"attributes":{"ami":"ami-03d8b47244d950bbb","arn":"arn:aws:ec2:eu-west-1:154983253182:instance/i-0a82905d5bddbd7bd","associate_public_ip_address":false,"availability_zone":"eu-west-1a","capacity_reservation_specification":[{"capacity_reservation_preference":"open","capacity_reservation_target":[]}],"cpu_core_count":1,"cpu_options":[{"amd_sev_snp":"","core_count":1,"threads_per_core":1}],"cpu_threads_per_core":1,"credit_specification":[{"cpu_credits":"standard"}],"disable_api_stop":false,"disable_api_termination":false,"ebs_block_device":[],"ebs_optimized":false,"enable_primary_ipv6":null,"enclave_options":[{"enabled":false}],"ephemeral_block_device":[],"get_password_data":false,"hibernation":false,"host_id":"","host_resource_group_arn":null,"iam_instance_profile":"","id":"i-0a82905d5bddbd7bd","instance_initiated_shutdown_behavior":"stop","instance_lifecycle":"","instance_market_options":[],"instance_state":"running","instance_type":"t2.micro","ipv6_address_count":0,"ipv6_addresses":[],"key_name":"","launch_template":[],"maintenance_options":[{"auto_recovery":"default"}],"metadata_options":[{"http_endpoint":"enabled","http_protocol_ipv6":"disabled","http_put_response_hop_limit":2,"http_tokens":"required","instance_metadata_tags":"disabled"}],"monitoring":false,"network_interface":[],"outpost_arn":"","password_data":"","placement_group":"","placement_partition_number":0,"primary_network_interface_id":"eni-0f108f26571157a26","private_dns":"ip-10-12-1-88.eu-west-1.compute.internal","private_dns_name_options":[{"enable_resource_name_dns_a_record":false,"enable_resource_name_dns_aaaa_record":false,"hostname_type":"ip-name"}],"private_ip":"10.12.1.88","public_dns":"","public_ip":"","root_block_device":[{"delete_on_termination":true,"device_name":"/dev/xvda","encrypted":false,"iops":3000,"kms_key_id":"","tags":{},"tags_all":{},"throughput":125,"volume_id":"vol-06f8154a7fbc9d263","volume_size":8,"volume_type":"gp3"}],"secondary_private_ips":[],"security_groups":[],"source_dest_check":true,"spot_instance_request_id":"","subnet_id":"subnet-0beae6868bb2696cb","tags":{"Name":"postgres-secondary-1","application":"postgres","cost_center":"202506","environment":"secondary_production","owner":"infra_user","project":"Revolut","region":"eu-west-1"},"tags_all":{"Name":"postgres-secondary-1","application":"postgres","cost_center":"202506","environment":"secondary_production","owner":"infra_user","project":"Revolut","region":"eu-west-1"},"tenancy":"default","timeouts":null,"user_data":null,"user_data_base64":null,"user_data_replace_on_change":false,"volume_tags":null,"vpc_security_group_ids":["sg-0a834e6c9ba04e1c4"]},"sensitive_attributes":[],"private":"eyJlMmJmYjczMC1lY2FhLTExZTYtOGY4OC0zNDM2M2JjN2M0YzAiOnsiY3JlYXRlIjo2MDAwMDAwMDAwMDAsImRlbGV0ZSI6MTIwMDAwMDAwMDAwMCwicmVhZCI6OTAwMDAwMDAwMDAwLCJ1cGRhdGUiOjYwMDAwMDAwMDAwMH0sInNjaGVtYV92ZXJzaW9uIjoiMSJ9","dependencies":["aws_security_group.postgres_sg_region2","aws_subnet.private_subnet_region2","aws_vpc.vpc_region2"]}]},{"mode":"managed","type":"aws_network_acl","name":"nacl_primary","provider":"provider[\"registry.opentofu.org/hashicorp/aws\"].primary_region","instances":[{"schema_version":0,"attributes":{"arn":"arn:aws:ec2:eu-west-3:154983253182:network-acl/acl-02012f31bbdd6831e","egress":[{"action":"allow","cidr_block":"0.0.0.0/0","from_port":0,"icmp_code":0,"icmp_type":0,"ipv6_cidr_block":"","protocol":"-1","rule_no":300,"to_port":0}],"id":"acl-02012f31bbdd6831e","ingress":[{"action":"allow","cidr_block":"10.21.1.0/24","from_port":5432,"icmp_code":0,"icmp_type":0,"ipv6_cidr_block":"","protocol":"6","rule_no":100,"to_port":5432},{"action":"allow","cidr_block":"10.21.2.0/24","from_port":5432,"icmp_code":0,"icmp_type":0,"ipv6_cidr_block":"","protocol":"6","rule_no":101,"to_port":5432},{"action":"allow","cidr_block":"10.21.3.0/24","from_port":5432,"icmp_code":0,"icmp_type":0,"ipv6_cidr_block":"","protocol":"6","rule_no":102,"to_port":5432}],"owner_id":"154983253182","subnet_ids":["subnet-00cc24a104704b625","subnet-090e740f782d7e430","subnet-0f8eb63d86357dd44"],"tags":{"Name":"Primary Region NACL","application":"revolut","cost_center":"202506","environment":"primary_production","owner":"infra_user","project":"Revolut","region":"eu-west-3"},"tags_all":{"Name":"Primary Region NACL","application":"revolut","cost_center":"202506","environment":"primary_production","owner":"infra_user","project":"Revolut","region":"eu-west-3"},"vpc_id":"vpc-0b5888dcc930fcf7d"},"sensitive_attributes":[],"private":"bnVsbA==","dependencies":["aws_vpc.vpc_region1"]}]},{"mode":"managed","type":"aws_network_acl","name":"nacl_secondary","provider":"provider[\"registry.opentofu.org/hashicorp/aws\"].secondary_region","instances":[{"schema_version":0,"attributes":{"arn":"arn:aws:ec2:eu-west-1:154983253182:network-acl/acl-0ab384b1496913d8e","egress":[{"action":"allow","cidr_block":"0.0.0.0/0","from_port":0,"icmp_code":0,"icmp_type":0,"ipv6_cidr_block":"","protocol":"-1","rule_no":300,"to_port":0}],"id":"acl-0ab384b1496913d8e","ingress":[{"action":"allow","cidr_block":"10.22.1.0/24","from_port":5432,"icmp_code":0,"icmp_type":0,"ipv6_cidr_block":"","protocol":"6","rule_no":200,"to_port":5432},{"action":"allow","cidr_block":"10.22.2.0/24","from_port":5432,"icmp_code":0,"icmp_type":0,"ipv6_cidr_block":"","protocol":"6","rule_no":201,"to_port":5432},{"action":"allow","cidr_block":"10.22.3.0/24","from_port":5432,"icmp_code":0,"icmp_type":0,"ipv6_cidr_block":"","protocol":"6","rule_no":202,"to_port":5432}],"owner_id":"154983253182","subnet_ids":["subnet-02761560dfdaf0e71","subnet-082dcba813cb7e1a6","subnet-0beae6868bb2696cb"],"tags":{"Name":"Secondary Region NACL","application":"revolut","cost_center":"202506","environment":"secondary_production","owner":"infra_user","project":"Revolut","region":"eu-west-1"},"tags_all":{"Name":"Secondary Region NACL","application":"revolut","cost_center":"202506","environment":"secondary_production","owner":"infra_user","project":"Revolut","region":"eu-west-1"},"vpc_id":"vpc-0abbdc91be8bb7aad"},"sensitive_attributes":[],"private":"bnVsbA==","dependencies":["aws_vpc.vpc_region2"]}]},{"mode":"managed","type":"aws_network_acl_association","name":"nacl_assoc_app_primary","provider":"provider[\"registry.opentofu.org/hashicorp/aws\"].primary_region","instances":[{"index_key":0,"schema_version":0,"attributes":{"id":"aclassoc-0774deb75493db8a6","network_acl_id":"acl-02012f31bbdd6831e","subnet_id":"subnet-00cc24a104704b625"},"sensitive_attributes":[],"private":"bnVsbA==","dependencies":["aws_network_acl.nacl_primary","aws_subnet.private_subnet_region1","aws_vpc.vpc_region1"]},{"index_key":1,"schema_version":0,"attributes":{"id":"aclassoc-0cab151ed6f0a7d87","network_acl_id":"acl-02012f31bbdd6831e","subnet_id":"subnet-090e740f782d7e430"},"sensitive_attributes":[],"private":"bnVsbA==","dependencies":["aws_network_acl.nacl_primary","aws_subnet.private_subnet_region1","aws_vpc.vpc_region1"]},{"index_key":2,"schema_version":0,"attributes":{"id":"aclassoc-0a33e4a33ed67669c","network_acl_id":"acl-02012f31bbdd6831e","subnet_id":"subnet-0f8eb63d86357dd44"},"sensitive_attributes":[],"private":"bnVsbA==","dependencies":["aws_network_acl.nacl_primary","aws_subnet.private_subnet_region1","aws_vpc.vpc_region1"]}]},{"mode":"managed","type":"aws_network_acl_association","name":"nacl_assoc_app_secondary","provider":"provider[\"registry.opentofu.org/hashicorp/aws\"].secondary_region","instances":[{"index_key":0,"schema_version":0,"attributes":{"id":"aclassoc-07adda9d5b2334ae5","network_acl_id":"acl-0ab384b1496913d8e","subnet_id":"subnet-0beae6868bb2696cb"},"sensitive_attributes":[],"private":"bnVsbA==","dependencies":["aws_network_acl.nacl_secondary","aws_subnet.private_subnet_region2","aws_vpc.vpc_region2"]},{"index_key":1,"schema_version":0,"attributes":{"id":"aclassoc-086b13903c84f474d","network_acl_id":"acl-0ab384b1496913d8e","subnet_id":"subnet-082dcba813cb7e1a6"},"sensitive_attributes":[],"private":"bnVsbA==","dependencies":["aws_network_acl.nacl_secondary","aws_subnet.private_subnet_region2","aws_vpc.vpc_region2"]},{"index_key":2,"schema_version":0,"attributes":{"id":"aclassoc-04545975a928ba025","network_acl_id":"acl-0ab384b1496913d8e","subnet_id":"subnet-02761560dfdaf0e71"},"sensitive_attributes":[],"private":"bnVsbA==","dependencies":["aws_network_acl.nacl_secondary","aws_subnet.private_subnet_region2","aws_vpc.vpc_region2"]}]},{"mode":"managed","type":"aws_network_acl_association","name":"nacl_assoc_primary","provider":"provider[\"registry.opentofu.org/hashicorp/aws\"].primary_region","instances":[{"index_key":0,"schema_version":0,"attributes":{"id":"aclassoc-0774deb75493db8a6","network_acl_id":"acl-02012f31bbdd6831e","subnet_id":"subnet-00cc24a104704b625"},"sensitive_attributes":[],"private":"bnVsbA==","dependencies":["aws_network_acl.nacl_primary","aws_subnet.private_subnet_region1","aws_vpc.vpc_region1"]},{"index_key":1,"schema_version":0,"attributes":{"id":"aclassoc-0cab151ed6f0a7d87","network_acl_id":"acl-02012f31bbdd6831e","subnet_id":"subnet-090e740f782d7e430"},"sensitive_attributes":[],"private":"bnVsbA==","dependencies":["aws_network_acl.nacl_primary","aws_subnet.private_subnet_region1","aws_vpc.vpc_region1"]},{"index_key":2,"schema_version":0,"attributes":{"id":"aclassoc-0a33e4a33ed67669c","network_acl_id":"acl-02012f31bbdd6831e","subnet_id":"subnet-0f8eb63d86357dd44"},"sensitive_attributes":[],"private":"bnVsbA==","dependencies":["aws_network_acl.nacl_primary","aws_subnet.private_subnet_region1","aws_vpc.vpc_region1"]}]},{"mode":"managed","type":"aws_network_acl_association","name":"nacl_assoc_secondary","provider":"provider[\"registry.opentofu.org/hashicorp/aws\"].secondary_region","instances":[{"index_key":0,"schema_version":0,"attributes":{"id":"aclassoc-07adda9d5b2334ae5","network_acl_id":"acl-0ab384b1496913d8e","subnet_id":"subnet-0beae6868bb2696cb"},"sensitive_attributes":[],"private":"bnVsbA==","dependencies":["aws_network_acl.nacl_secondary","aws_subnet.private_subnet_region2","aws_vpc.vpc_region2"]},{"index_key":1,"schema_version":0,"attributes":{"id":"aclassoc-086b13903c84f474d","network_acl_id":"acl-0ab384b1496913d8e","subnet_id":"subnet-082dcba813cb7e1a6"},"sensitive_attributes":[],"private":"bnVsbA==","dependencies":["aws_network_acl.nacl_secondary","aws_subnet.private_subnet_region2","aws_vpc.vpc_region2"]},{"index_key":2,"schema_version":0,"attributes":{"id":"aclassoc-04545975a928ba025","network_acl_id":"acl-0ab384b1496913d8e","subnet_id":"subnet-02761560dfdaf0e71"},"sensitive_attributes":[],"private":"bnVsbA==","dependencies":["aws_network_acl.nacl_secondary","aws_subnet.private_subnet_region2","aws_vpc.vpc_region2"]}]},{"mode":"managed","type":"aws_network_acl_rule","name":"allow_all_egress1","provider":"provider[\"registry.opentofu.org/hashicorp/aws\"].primary_region","instances":[{"schema_version":0,"attributes":{"cidr_block":"0.0.0.0/0","egress":true,"from_port":null,"icmp_code":null,"icmp_type":null,"id":"nacl-1727974097","ipv6_cidr_block":"","network_acl_id":"acl-02012f31bbdd6831e","protocol":"-1","rule_action":"allow","rule_number":300,"to_port":null},"sensitive_attributes":[],"private":"bnVsbA==","dependencies":["aws_network_acl.nacl_primary","aws_vpc.vpc_region1"]}]},{"mode":"managed","type":"aws_network_acl_rule","name":"allow_all_egress2","provider":"provider[\"registry.opentofu.org/hashicorp/aws\"].secondary_region","instances":[{"schema_version":0,"attributes":{"cidr_block":"0.0.0.0/0","egress":true,"from_port":null,"icmp_code":null,"icmp_type":null,"id":"nacl-3778523357","ipv6_cidr_block":"","network_acl_id":"acl-0ab384b1496913d8e","protocol":"-1","rule_action":"allow","rule_number":300,"to_port":null},"sensitive_attributes":[],"private":"bnVsbA==","dependencies":["aws_network_acl.nacl_secondary","aws_vpc.vpc_region2"]}]},{"mode":"managed","type":"aws_network_acl_rule","name":"allow_postgres_access1","provider":"provider[\"registry.opentofu.org/hashicorp/aws\"].primary_region","instances":[{"index_key":0,"schema_version":0,"attributes":{"cidr_block":"10.21.1.0/24","egress":false,"from_port":5432,"icmp_code":null,"icmp_type":null,"id":"nacl-3454822030","ipv6_cidr_block":"","network_acl_id":"acl-02012f31bbdd6831e","protocol":"6","rule_action":"allow","rule_number":100,"to_port":5432},"sensitive_attributes":[],"private":"bnVsbA==","dependencies":["aws_network_acl.nacl_primary","aws_vpc.vpc_region1"]},{"index_key":1,"schema_version":0,"attributes":{"cidr_block":"10.21.2.0/24","egress":false,"from_port":5432,"icmp_code":null,"icmp_type":null,"id":"nacl-1447635681","ipv6_cidr_block":"","network_acl_id":"acl-02012f31bbdd6831e","protocol":"6","rule_action":"allow","rule_number":101,"to_port":5432},"sensitive_attributes":[],"private":"bnVsbA==","dependencies":["aws_network_acl.nacl_primary","aws_vpc.vpc_region1"]},{"index_key":2,"schema_version":0,"attributes":{"cidr_block":"10.21.3.0/24","egress":false,"from_port":5432,"icmp_code":null,"icmp_type":null,"id":"nacl-567801873","ipv6_cidr_block":"","network_acl_id":"acl-02012f31bbdd6831e","protocol":"6","rule_action":"allow","rule_number":102,"to_port":5432},"sensitive_attributes":[],"private":"bnVsbA==","dependencies":["aws_network_acl.nacl_primary","aws_vpc.vpc_region1"]}]},{"mode":"managed","type":"aws_network_acl_rule","name":"allow_postgres_access2","provider":"provider[\"registry.opentofu.org/hashicorp/aws\"].secondary_region","instances":[{"index_key":0,"schema_version":0,"attributes":{"cidr_block":"10.22.1.0/24","egress":false,"from_port":5432,"icmp_code":null,"icmp_type":null,"id":"nacl-2917667762","ipv6_cidr_block":"","network_acl_id":"acl-0ab384b1496913d8e","protocol":"6","rule_action":"allow","rule_number":200,"to_port":5432},"sensitive_attributes":[],"private":"bnVsbA==","dependencies":["aws_network_acl.nacl_secondary","aws_vpc.vpc_region2"]},{"index_key":1,"schema_version":0,"attributes":{"cidr_block":"10.22.2.0/24","egress":false,"from_port":5432,"icmp_code":null,"icmp_type":null,"id":"nacl-911040477","ipv6_cidr_block":"","network_acl_id":"acl-0ab384b1496913d8e","protocol":"6","rule_action":"allow","rule_number":201,"to_port":5432},"sensitive_attributes":[],"private":"bnVsbA==","dependencies":["aws_network_acl.nacl_secondary","aws_vpc.vpc_region2"]},{"index_key":2,"schema_version":0,"attributes":{"cidr_block":"10.22.3.0/24","egress":false,"from_port":5432,"icmp_code":null,"icmp_type":null,"id":"nacl-1104383277","ipv6_cidr_block":"","network_acl_id":"acl-0ab384b1496913d8e","protocol":"6","rule_action":"allow","rule_number":202,"to_port":5432},"sensitive_attributes":[],"private":"bnVsbA==","dependencies":["aws_network_acl.nacl_secondary","aws_vpc.vpc_region2"]}]},{"mode":"managed","type":"aws_security_group","name":"postgres_sg_region1","provider":"provider[\"registry.opentofu.org/hashicorp/aws\"].primary_region","instances":[{"schema_version":1,"attributes":{"arn":"arn:aws:ec2:eu-west-3:154983253182:security-group/sg-04c67e6884557a1db","description":"Allow PostgreSQL traffic in the primary region","egress":[{"cidr_blocks":["0.0.0.0/0"],"description":"","from_port":0,"ipv6_cidr_blocks":[],"prefix_list_ids":[],"protocol":"-1","security_groups":[],"self":false,"to_port":0}],"id":"sg-04c67e6884557a1db","ingress":[{"cidr_blocks":["10.21.1.0/24","10.21.2.0/24","10.21.3.0/24"],"description":"","from_port":5432,"ipv6_cidr_blocks":[],"prefix_list_ids":[],"protocol":"tcp","security_groups":[],"self":false,"to_port":5432}],"name":"postgres-sg-primary","name_prefix":"","owner_id":"154983253182","revoke_rules_on_delete":false,"tags":{"Name":"Postgres SG Primary Region","application":"revolut","cost_center":"202506","environment":"primary_production","owner":"infra_user","project":"Revolut","region":"eu-west-3"},"tags_all":{"Name":"Postgres SG Primary Region","application":"revolut","cost_center":"202506","environment":"primary_production","owner":"infra_user","project":"Revolut","region":"eu-west-3"},"timeouts":null,"vpc_id":"vpc-0b5888dcc930fcf7d"},"sensitive_attributes":[],"private":"eyJlMmJmYjczMC1lY2FhLTExZTYtOGY4OC0zNDM2M2JjN2M0YzAiOnsiY3JlYXRlIjo2MDAwMDAwMDAwMDAsImRlbGV0ZSI6OTAwMDAwMDAwMDAwfSwic2NoZW1hX3ZlcnNpb24iOiIxIn0=","dependencies":["aws_vpc.vpc_region1"]}]},{"mode":"managed","type":"aws_security_group","name":"postgres_sg_region2","provider":"provider[\"registry.opentofu.org/hashicorp/aws\"].secondary_region","instances":[{"schema_version":1,"attributes":{"arn":"arn:aws:ec2:eu-west-1:154983253182:security-group/sg-0a834e6c9ba04e1c4","description":"Allow PostgreSQL traffic in the secondary region","egress":[{"cidr_blocks":["0.0.0.0/0"],"description":"","from_port":0,"ipv6_cidr_blocks":[],"prefix_list_ids":[],"protocol":"-1","security_groups":[],"self":false,"to_port":0}],"id":"sg-0a834e6c9ba04e1c4","ingress":[{"cidr_blocks":["10.22.1.0/24","10.22.2.0/24","10.22.3.0/24"],"description":"","from_port":5432,"ipv6_cidr_blocks":[],"prefix_list_ids":[],"protocol":"tcp","security_groups":[],"self":false,"to_port":5432}],"name":"postgres-sg-secondary","name_prefix":"","owner_id":"154983253182","revoke_rules_on_delete":false,"tags":{"Name":"Postgres SG Secondary Region","application":"revolut","cost_center":"202506","environment":"secondary_production","owner":"infra_user","project":"Revolut","region":"eu-west-1"},"tags_all":{"Name":"Postgres SG Secondary Region","application":"revolut","cost_center":"202506","environment":"secondary_production","owner":"infra_user","project":"Revolut","region":"eu-west-1"},"timeouts":null,"vpc_id":"vpc-0abbdc91be8bb7aad"},"sensitive_attributes":[],"private":"eyJlMmJmYjczMC1lY2FhLTExZTYtOGY4OC0zNDM2M2JjN2M0YzAiOnsiY3JlYXRlIjo2MDAwMDAwMDAwMDAsImRlbGV0ZSI6OTAwMDAwMDAwMDAwfSwic2NoZW1hX3ZlcnNpb24iOiIxIn0=","dependencies":["aws_vpc.vpc_region2"]}]},{"mode":"managed","type":"aws_subnet","name":"private_subnet_region1","provider":"provider[\"registry.opentofu.org/hashicorp/aws\"].primary_region","instances":[{"index_key":0,"schema_version":1,"attributes":{"arn":"arn:aws:ec2:eu-west-3:154983253182:subnet/subnet-00cc24a104704b625","assign_ipv6_address_on_creation":false,"availability_zone":"eu-west-3a","availability_zone_id":"euw3-az1","cidr_block":"10.11.1.0/24","customer_owned_ipv4_pool":"","enable_dns64":false,"enable_lni_at_device_index":0,"enable_resource_name_dns_a_record_on_launch":false,"enable_resource_name_dns_aaaa_record_on_launch":false,"id":"subnet-00cc24a104704b625","ipv6_cidr_block":"","ipv6_cidr_block_association_id":"","ipv6_native":false,"map_customer_owned_ip_on_launch":false,"map_public_ip_on_launch":false,"outpost_arn":"","owner_id":"154983253182","private_dns_hostname_type_on_launch":"ip-name","tags":{"Name":"Revolut Private Subnet Primary Region 1","application":"revolut","cost_center":"202506","environment":"primary_production","owner":"infra_user","project":"Revolut","region":"eu-west-3"},"tags_all":{"Name":"Revolut Private Subnet Primary Region 1","application":"revolut","cost_center":"202506","environment":"primary_production","owner":"infra_user","project":"Revolut","region":"eu-west-3"},"timeouts":null,"vpc_id":"vpc-0b5888dcc930fcf7d"},"sensitive_attributes":[],"private":"eyJlMmJmYjczMC1lY2FhLTExZTYtOGY4OC0zNDM2M2JjN2M0YzAiOnsiY3JlYXRlIjo2MDAwMDAwMDAwMDAsImRlbGV0ZSI6MTIwMDAwMDAwMDAwMH0sInNjaGVtYV92ZXJzaW9uIjoiMSJ9","dependencies":["aws_vpc.vpc_region1"]},{"index_key":1,"schema_version":1,"attributes":{"arn":"arn:aws:ec2:eu-west-3:154983253182:subnet/subnet-090e740f782d7e430","assign_ipv6_address_on_creation":false,"availability_zone":"eu-west-3b","availability_zone_id":"euw3-az2","cidr_block":"10.11.2.0/24","customer_owned_ipv4_pool":"","enable_dns64":false,"enable_lni_at_device_index":0,"enable_resource_name_dns_a_record_on_launch":false,"enable_resource_name_dns_aaaa_record_on_launch":false,"id":"subnet-090e740f782d7e430","ipv6_cidr_block":"","ipv6_cidr_block_association_id":"","ipv6_native":false,"map_customer_owned_ip_on_launch":false,"map_public_ip_on_launch":false,"outpost_arn":"","owner_id":"154983253182","private_dns_hostname_type_on_launch":"ip-name","tags":{"Name":"Revolut Private Subnet Primary Region 2","application":"revolut","cost_center":"202506","environment":"primary_production","owner":"infra_user","project":"Revolut","region":"eu-west-3"},"tags_all":{"Name":"Revolut Private Subnet Primary Region 2","application":"revolut","cost_center":"202506","environment":"primary_production","owner":"infra_user","project":"Revolut","region":"eu-west-3"},"timeouts":null,"vpc_id":"vpc-0b5888dcc930fcf7d"},"sensitive_attributes":[],"private":"eyJlMmJmYjczMC1lY2FhLTExZTYtOGY4OC0zNDM2M2JjN2M0YzAiOnsiY3JlYXRlIjo2MDAwMDAwMDAwMDAsImRlbGV0ZSI6MTIwMDAwMDAwMDAwMH0sInNjaGVtYV92ZXJzaW9uIjoiMSJ9","dependencies":["aws_vpc.vpc_region1"]},{"index_key":2,"schema_version":1,"attributes":{"arn":"arn:aws:ec2:eu-west-3:154983253182:subnet/subnet-0f8eb63d86357dd44","assign_ipv6_address_on_creation":false,"availability_zone":"eu-west-3c","availability_zone_id":"euw3-az3","cidr_block":"10.11.3.0/24","customer_owned_ipv4_pool":"","enable_dns64":false,"enable_lni_at_device_index":0,"enable_resource_name_dns_a_record_on_launch":false,"enable_resource_name_dns_aaaa_record_on_launch":false,"id":"subnet-0f8eb63d86357dd44","ipv6_cidr_block":"","ipv6_cidr_block_association_id":"","ipv6_native":false,"map_customer_owned_ip_on_launch":false,"map_public_ip_on_launch":false,"outpost_arn":"","owner_id":"154983253182","private_dns_hostname_type_on_launch":"ip-name","tags":{"Name":"Revolut Private Subnet Primary Region 3","application":"revolut","cost_center":"202506","environment":"primary_production","owner":"infra_user","project":"Revolut","region":"eu-west-3"},"tags_all":{"Name":"Revolut Private Subnet Primary Region 3","application":"revolut","cost_center":"202506","environment":"primary_production","owner":"infra_user","project":"Revolut","region":"eu-west-3"},"timeouts":null,"vpc_id":"vpc-0b5888dcc930fcf7d"},"sensitive_attributes":[],"private":"eyJlMmJmYjczMC1lY2FhLTExZTYtOGY4OC0zNDM2M2JjN2M0YzAiOnsiY3JlYXRlIjo2MDAwMDAwMDAwMDAsImRlbGV0ZSI6MTIwMDAwMDAwMDAwMH0sInNjaGVtYV92ZXJzaW9uIjoiMSJ9","dependencies":["aws_vpc.vpc_region1"]}]},{"mode":"managed","type":"aws_subnet","name":"private_subnet_region2","provider":"provider[\"registry.opentofu.org/hashicorp/aws\"].secondary_region","instances":[{"index_key":0,"schema_version":1,"attributes":{"arn":"arn:aws:ec2:eu-west-1:154983253182:subnet/subnet-0beae6868bb2696cb","assign_ipv6_address_on_creation":false,"availability_zone":"eu-west-1a","availability_zone_id":"euw1-az3","cidr_block":"10.12.1.0/24","customer_owned_ipv4_pool":"","enable_dns64":false,"enable_lni_at_device_index":0,"enable_resource_name_dns_a_record_on_launch":false,"enable_resource_name_dns_aaaa_record_on_launch":false,"id":"subnet-0beae6868bb2696cb","ipv6_cidr_block":"","ipv6_cidr_block_association_id":"","ipv6_native":false,"map_customer_owned_ip_on_launch":false,"map_public_ip_on_launch":false,"outpost_arn":"","owner_id":"154983253182","private_dns_hostname_type_on_launch":"ip-name","tags":{"Name":"Revolut Private Subnet Secondary Region 1","application":"revolut","cost_center":"202506","environment":"secondary_production","owner":"infra_user","project":"Revolut","region":"eu-west-1"},"tags_all":{"Name":"Revolut Private Subnet Secondary Region 1","application":"revolut","cost_center":"202506","environment":"secondary_production","owner":"infra_user","project":"Revolut","region":"eu-west-1"},"timeouts":null,"vpc_id":"vpc-0abbdc91be8bb7aad"},"sensitive_attributes":[],"private":"eyJlMmJmYjczMC1lY2FhLTExZTYtOGY4OC0zNDM2M2JjN2M0YzAiOnsiY3JlYXRlIjo2MDAwMDAwMDAwMDAsImRlbGV0ZSI6MTIwMDAwMDAwMDAwMH0sInNjaGVtYV92ZXJzaW9uIjoiMSJ9","dependencies":["aws_vpc.vpc_region2"]},{"index_key":1,"schema_version":1,"attributes":{"arn":"arn:aws:ec2:eu-west-1:154983253182:subnet/subnet-082dcba813cb7e1a6","assign_ipv6_address_on_creation":false,"availability_zone":"eu-west-1b","availability_zone_id":"euw1-az1","cidr_block":"10.12.2.0/24","customer_owned_ipv4_pool":"","enable_dns64":false,"enable_lni_at_device_index":0,"enable_resource_name_dns_a_record_on_launch":false,"enable_resource_name_dns_aaaa_record_on_launch":false,"id":"subnet-082dcba813cb7e1a6","ipv6_cidr_block":"","ipv6_cidr_block_association_id":"","ipv6_native":false,"map_customer_owned_ip_on_launch":false,"map_public_ip_on_launch":false,"outpost_arn":"","owner_id":"154983253182","private_dns_hostname_type_on_launch":"ip-name","tags":{"Name":"Revolut Private Subnet Secondary Region 2","application":"revolut","cost_center":"202506","environment":"secondary_production","owner":"infra_user","project":"Revolut","region":"eu-west-1"},"tags_all":{"Name":"Revolut Private Subnet Secondary Region 2","application":"revolut","cost_center":"202506","environment":"secondary_production","owner":"infra_user","project":"Revolut","region":"eu-west-1"},"timeouts":null,"vpc_id":"vpc-0abbdc91be8bb7aad"},"sensitive_attributes":[],"private":"eyJlMmJmYjczMC1lY2FhLTExZTYtOGY4OC0zNDM2M2JjN2M0YzAiOnsiY3JlYXRlIjo2MDAwMDAwMDAwMDAsImRlbGV0ZSI6MTIwMDAwMDAwMDAwMH0sInNjaGVtYV92ZXJzaW9uIjoiMSJ9","dependencies":["aws_vpc.vpc_region2"]},{"index_key":2,"schema_version":1,"attributes":{"arn":"arn:aws:ec2:eu-west-1:154983253182:subnet/subnet-02761560dfdaf0e71","assign_ipv6_address_on_creation":false,"availability_zone":"eu-west-1c","availability_zone_id":"euw1-az2","cidr_block":"10.12.3.0/24","customer_owned_ipv4_pool":"","enable_dns64":false,"enable_lni_at_device_index":0,"enable_resource_name_dns_a_record_on_launch":false,"enable_resource_name_dns_aaaa_record_on_launch":false,"id":"subnet-02761560dfdaf0e71","ipv6_cidr_block":"","ipv6_cidr_block_association_id":"","ipv6_native":false,"map_customer_owned_ip_on_launch":false,"map_public_ip_on_launch":false,"outpost_arn":"","owner_id":"154983253182","private_dns_hostname_type_on_launch":"ip-name","tags":{"Name":"Revolut Private Subnet Secondary Region 3","application":"revolut","cost_center":"202506","environment":"secondary_production","owner":"infra_user","project":"Revolut","region":"eu-west-1"},"tags_all":{"Name":"Revolut Private Subnet Secondary Region 3","application":"revolut","cost_center":"202506","environment":"secondary_production","owner":"infra_user","project":"Revolut","region":"eu-west-1"},"timeouts":null,"vpc_id":"vpc-0abbdc91be8bb7aad"},"sensitive_attributes":[],"private":"eyJlMmJmYjczMC1lY2FhLTExZTYtOGY4OC0zNDM2M2JjN2M0YzAiOnsiY3JlYXRlIjo2MDAwMDAwMDAwMDAsImRlbGV0ZSI6MTIwMDAwMDAwMDAwMH0sInNjaGVtYV92ZXJzaW9uIjoiMSJ9","dependencies":["aws_vpc.vpc_region2"]}]},{"mode":"managed","type":"aws_vpc","name":"vpc_region1","provider":"provider[\"registry.opentofu.org/hashicorp/aws\"].primary_region","instances":[{"schema_version":1,"attributes":{"arn":"arn:aws:ec2:eu-west-3:154983253182:vpc/vpc-0b5888dcc930fcf7d","assign_generated_ipv6_cidr_block":false,"cidr_block":"10.11.0.0/16","default_network_acl_id":"acl-05de959404d5f3c7c","default_route_table_id":"rtb-0307795a037bc5974","default_security_group_id":"sg-05516fdb23f4debd9","dhcp_options_id":"dopt-05483864cbf94d1eb","enable_dns_hostnames":true,"enable_dns_support":true,"enable_network_address_usage_metrics":false,"id":"vpc-0b5888dcc930fcf7d","instance_tenancy":"default","ipv4_ipam_pool_id":null,"ipv4_netmask_length":null,"ipv6_association_id":"","ipv6_cidr_block":"","ipv6_cidr_block_network_border_group":"","ipv6_ipam_pool_id":"","ipv6_netmask_length":0,"main_route_table_id":"rtb-0307795a037bc5974","owner_id":"154983253182","tags":{"Name":"Revolut VPC Primary Region","application":"revolut","cost_center":"202506","environment":"primary_production","owner":"infra_user","project":"Revolut","region":"eu-west-3"},"tags_all":{"Name":"Revolut VPC Primary Region","application":"revolut","cost_center":"202506","environment":"primary_production","owner":"infra_user","project":"Revolut","region":"eu-west-3"}},"sensitive_attributes":[],"private":"eyJzY2hlbWFfdmVyc2lvbiI6IjEifQ=="}]},{"mode":"managed","type":"aws_vpc","name":"vpc_region2","provider":"provider[\"registry.opentofu.org/hashicorp/aws\"].secondary_region","instances":[{"schema_version":1,"attributes":{"arn":"arn:aws:ec2:eu-west-1:154983253182:vpc/vpc-0abbdc91be8bb7aad","assign_generated_ipv6_cidr_block":false,"cidr_block":"10.12.0.0/16","default_network_acl_id":"acl-0d371f3bcd9e2cb68","default_route_table_id":"rtb-00b795a3c585986e3","default_security_group_id":"sg-0c2bcda085c9b75bb","dhcp_options_id":"dopt-073e06f4de5772f2e","enable_dns_hostnames":true,"enable_dns_support":true,"enable_network_address_usage_metrics":false,"id":"vpc-0abbdc91be8bb7aad","instance_tenancy":"default","ipv4_ipam_pool_id":null,"ipv4_netmask_length":null,"ipv6_association_id":"","ipv6_cidr_block":"","ipv6_cidr_block_network_border_group":"","ipv6_ipam_pool_id":"","ipv6_netmask_length":0,"main_route_table_id":"rtb-00b795a3c585986e3","owner_id":"154983253182","tags":{"Name":"Revolut VPC Secondary Region","application":"revolut","cost_center":"202506","environment":"secondary_production","owner":"infra_user","project":"Revolut","region":"eu-west-1"},"tags_all":{"Name":"Revolut VPC Secondary Region","application":"revolut","cost_center":"202506","environment":"secondary_production","owner":"infra_user","project":"Revolut","region":"eu-west-1"}},"sensitive_attributes":[],"private":"eyJzY2hlbWFfdmVyc2lvbiI6IjEifQ=="}]}],"check_results":null}
