{"version":4,"terraform_version":"1.9.1","serial":7,"lineage":"00a0eac7-14ac-0cb2-1890-7aa558eb8467","outputs":{},"resources":[{"mode":"managed","type":"aws_instance","name":"example_instance","provider":"provider[\"registry.opentofu.org/hashicorp/aws\"]","instances":[{"schema_version":1,"attributes":{"ami":"ami-074e262099d145e90","arn":"arn:aws:ec2:eu-west-3:154983253182:instance/i-00f41e8d07c479b22","associate_public_ip_address":true,"availability_zone":"eu-west-3c","capacity_reservation_specification":[{"capacity_reservation_preference":"open","capacity_reservation_target":[]}],"cpu_core_count":1,"cpu_options":[{"amd_sev_snp":"","core_count":1,"threads_per_core":1}],"cpu_threads_per_core":1,"credit_specification":[{"cpu_credits":"standard"}],"disable_api_stop":false,"disable_api_termination":false,"ebs_block_device":[],"ebs_optimized":false,"enable_primary_ipv6":null,"enclave_options":[{"enabled":false}],"ephemeral_block_device":[],"get_password_data":false,"hibernation":false,"host_id":"","host_resource_group_arn":null,"iam_instance_profile":"","id":"i-00f41e8d07c479b22","instance_initiated_shutdown_behavior":"stop","instance_lifecycle":"","instance_market_options":[],"instance_state":"running","instance_type":"t2.micro","ipv6_address_count":0,"ipv6_addresses":[],"key_name":"","launch_template":[],"maintenance_options":[{"auto_recovery":"default"}],"metadata_options":[{"http_endpoint":"enabled","http_protocol_ipv6":"disabled","http_put_response_hop_limit":2,"http_tokens":"required","instance_metadata_tags":"disabled"}],"monitoring":false,"network_interface":[],"outpost_arn":"","password_data":"","placement_group":"","placement_partition_number":0,"primary_network_interface_id":"eni-05f622804e272280d","private_dns":"ip-172-31-44-41.eu-west-3.compute.internal","private_dns_name_options":[{"enable_resource_name_dns_a_record":false,"enable_resource_name_dns_aaaa_record":false,"hostname_type":"ip-name"}],"private_ip":"172.31.44.41","public_dns":"ec2-35-181-45-33.eu-west-3.compute.amazonaws.com","public_ip":"35.181.45.33","root_block_device":[{"delete_on_termination":true,"device_name":"/dev/xvda","encrypted":false,"iops":3000,"kms_key_id":"","tags":{},"tags_all":{},"throughput":125,"volume_id":"vol-0a0cb2b6250c13b47","volume_size":8,"volume_type":"gp3"}],"secondary_private_ips":[],"security_groups":["default"],"source_dest_check":true,"spot_instance_request_id":"","subnet_id":"subnet-08baae00301629f69","tags":{"project":"Revolut"},"tags_all":{"project":"Revolut"},"tenancy":"default","timeouts":null,"user_data":null,"user_data_base64":null,"user_data_replace_on_change":false,"volume_tags":null,"vpc_security_group_ids":["sg-0c7a3b25a4c80bc94"]},"sensitive_attributes":[],"private":"eyJlMmJmYjczMC1lY2FhLTExZTYtOGY4OC0zNDM2M2JjN2M0YzAiOnsiY3JlYXRlIjo2MDAwMDAwMDAwMDAsImRlbGV0ZSI6MTIwMDAwMDAwMDAwMCwicmVhZCI6OTAwMDAwMDAwMDAwLCJ1cGRhdGUiOjYwMDAwMDAwMDAwMH0sInNjaGVtYV92ZXJzaW9uIjoiMSJ9"}]},{"mode":"managed","type":"aws_subnet","name":"private_subnet_region1","provider":"provider[\"registry.opentofu.org/hashicorp/aws\"].primary_region","instances":[{"index_key":0,"schema_version":1,"attributes":{"arn":"arn:aws:ec2:eu-west-3:154983253182:subnet/subnet-056937f5fafaa7871","assign_ipv6_address_on_creation":false,"availability_zone":"eu-west-3a","availability_zone_id":"euw3-az1","cidr_block":"10.11.1.0/24","customer_owned_ipv4_pool":"","enable_dns64":false,"enable_lni_at_device_index":0,"enable_resource_name_dns_a_record_on_launch":false,"enable_resource_name_dns_aaaa_record_on_launch":false,"id":"subnet-056937f5fafaa7871","ipv6_cidr_block":"","ipv6_cidr_block_association_id":"","ipv6_native":false,"map_customer_owned_ip_on_launch":false,"map_public_ip_on_launch":false,"outpost_arn":"","owner_id":"154983253182","private_dns_hostname_type_on_launch":"ip-name","tags":{"Name":"Revolut Private Subnet Primary Region 1","application":"revolut","cost_center":"202506","environment":"primary","owner":"infra_user","project":"Revolut","region":"eu-west-3"},"tags_all":{"Name":"Revolut Private Subnet Primary Region 1","application":"revolut","cost_center":"202506","environment":"primary","owner":"infra_user","project":"Revolut","region":"eu-west-3"},"timeouts":null,"vpc_id":"vpc-0b8bc0a6120e5ca35"},"sensitive_attributes":[],"private":"eyJlMmJmYjczMC1lY2FhLTExZTYtOGY4OC0zNDM2M2JjN2M0YzAiOnsiY3JlYXRlIjo2MDAwMDAwMDAwMDAsImRlbGV0ZSI6MTIwMDAwMDAwMDAwMH0sInNjaGVtYV92ZXJzaW9uIjoiMSJ9","dependencies":["aws_vpc.vpc_region1"]},{"index_key":1,"schema_version":1,"attributes":{"arn":"arn:aws:ec2:eu-west-3:154983253182:subnet/subnet-0a3cabc2b17235f1b","assign_ipv6_address_on_creation":false,"availability_zone":"eu-west-3b","availability_zone_id":"euw3-az2","cidr_block":"10.11.2.0/24","customer_owned_ipv4_pool":"","enable_dns64":false,"enable_lni_at_device_index":0,"enable_resource_name_dns_a_record_on_launch":false,"enable_resource_name_dns_aaaa_record_on_launch":false,"id":"subnet-0a3cabc2b17235f1b","ipv6_cidr_block":"","ipv6_cidr_block_association_id":"","ipv6_native":false,"map_customer_owned_ip_on_launch":false,"map_public_ip_on_launch":false,"outpost_arn":"","owner_id":"154983253182","private_dns_hostname_type_on_launch":"ip-name","tags":{"Name":"Revolut Private Subnet Primary Region 2","application":"revolut","cost_center":"202506","environment":"primary","owner":"infra_user","project":"Revolut","region":"eu-west-3"},"tags_all":{"Name":"Revolut Private Subnet Primary Region 2","application":"revolut","cost_center":"202506","environment":"primary","owner":"infra_user","project":"Revolut","region":"eu-west-3"},"timeouts":null,"vpc_id":"vpc-0b8bc0a6120e5ca35"},"sensitive_attributes":[],"private":"eyJlMmJmYjczMC1lY2FhLTExZTYtOGY4OC0zNDM2M2JjN2M0YzAiOnsiY3JlYXRlIjo2MDAwMDAwMDAwMDAsImRlbGV0ZSI6MTIwMDAwMDAwMDAwMH0sInNjaGVtYV92ZXJzaW9uIjoiMSJ9","dependencies":["aws_vpc.vpc_region1"]},{"index_key":2,"schema_version":1,"attributes":{"arn":"arn:aws:ec2:eu-west-3:154983253182:subnet/subnet-0153c490079ef85ff","assign_ipv6_address_on_creation":false,"availability_zone":"eu-west-3c","availability_zone_id":"euw3-az3","cidr_block":"10.11.3.0/24","customer_owned_ipv4_pool":"","enable_dns64":false,"enable_lni_at_device_index":0,"enable_resource_name_dns_a_record_on_launch":false,"enable_resource_name_dns_aaaa_record_on_launch":false,"id":"subnet-0153c490079ef85ff","ipv6_cidr_block":"","ipv6_cidr_block_association_id":"","ipv6_native":false,"map_customer_owned_ip_on_launch":false,"map_public_ip_on_launch":false,"outpost_arn":"","owner_id":"154983253182","private_dns_hostname_type_on_launch":"ip-name","tags":{"Name":"Revolut Private Subnet Primary Region 3","application":"revolut","cost_center":"202506","environment":"primary","owner":"infra_user","project":"Revolut","region":"eu-west-3"},"tags_all":{"Name":"Revolut Private Subnet Primary Region 3","application":"revolut","cost_center":"202506","environment":"primary","owner":"infra_user","project":"Revolut","region":"eu-west-3"},"timeouts":null,"vpc_id":"vpc-0b8bc0a6120e5ca35"},"sensitive_attributes":[],"private":"eyJlMmJmYjczMC1lY2FhLTExZTYtOGY4OC0zNDM2M2JjN2M0YzAiOnsiY3JlYXRlIjo2MDAwMDAwMDAwMDAsImRlbGV0ZSI6MTIwMDAwMDAwMDAwMH0sInNjaGVtYV92ZXJzaW9uIjoiMSJ9","dependencies":["aws_vpc.vpc_region1"]}]},{"mode":"managed","type":"aws_subnet","name":"private_subnet_region2","provider":"provider[\"registry.opentofu.org/hashicorp/aws\"].secondary_region","instances":[{"index_key":0,"schema_version":1,"attributes":{"arn":"arn:aws:ec2:eu-west-1:154983253182:subnet/subnet-03eebcc01b43392f1","assign_ipv6_address_on_creation":false,"availability_zone":"eu-west-1a","availability_zone_id":"euw1-az3","cidr_block":"10.12.1.0/24","customer_owned_ipv4_pool":"","enable_dns64":false,"enable_lni_at_device_index":0,"enable_resource_name_dns_a_record_on_launch":false,"enable_resource_name_dns_aaaa_record_on_launch":false,"id":"subnet-03eebcc01b43392f1","ipv6_cidr_block":"","ipv6_cidr_block_association_id":"","ipv6_native":false,"map_customer_owned_ip_on_launch":false,"map_public_ip_on_launch":false,"outpost_arn":"","owner_id":"154983253182","private_dns_hostname_type_on_launch":"ip-name","tags":{"Name":"Revolut Private Subnet Secondary Region 1","application":"revolut","cost_center":"202506","environment":"secondary","owner":"infra_user","project":"Revolut","region":"eu-west-1"},"tags_all":{"Name":"Revolut Private Subnet Secondary Region 1","application":"revolut","cost_center":"202506","environment":"secondary","owner":"infra_user","project":"Revolut","region":"eu-west-1"},"timeouts":null,"vpc_id":"vpc-0c0a48d75d96dfb05"},"sensitive_attributes":[],"private":"eyJlMmJmYjczMC1lY2FhLTExZTYtOGY4OC0zNDM2M2JjN2M0YzAiOnsiY3JlYXRlIjo2MDAwMDAwMDAwMDAsImRlbGV0ZSI6MTIwMDAwMDAwMDAwMH0sInNjaGVtYV92ZXJzaW9uIjoiMSJ9","dependencies":["aws_vpc.vpc_region2"]},{"index_key":1,"schema_version":1,"attributes":{"arn":"arn:aws:ec2:eu-west-1:154983253182:subnet/subnet-09f3ff281a322dc57","assign_ipv6_address_on_creation":false,"availability_zone":"eu-west-1b","availability_zone_id":"euw1-az1","cidr_block":"10.12.2.0/24","customer_owned_ipv4_pool":"","enable_dns64":false,"enable_lni_at_device_index":0,"enable_resource_name_dns_a_record_on_launch":false,"enable_resource_name_dns_aaaa_record_on_launch":false,"id":"subnet-09f3ff281a322dc57","ipv6_cidr_block":"","ipv6_cidr_block_association_id":"","ipv6_native":false,"map_customer_owned_ip_on_launch":false,"map_public_ip_on_launch":false,"outpost_arn":"","owner_id":"154983253182","private_dns_hostname_type_on_launch":"ip-name","tags":{"Name":"Revolut Private Subnet Secondary Region 2","application":"revolut","cost_center":"202506","environment":"secondary","owner":"infra_user","project":"Revolut","region":"eu-west-1"},"tags_all":{"Name":"Revolut Private Subnet Secondary Region 2","application":"revolut","cost_center":"202506","environment":"secondary","owner":"infra_user","project":"Revolut","region":"eu-west-1"},"timeouts":null,"vpc_id":"vpc-0c0a48d75d96dfb05"},"sensitive_attributes":[],"private":"eyJlMmJmYjczMC1lY2FhLTExZTYtOGY4OC0zNDM2M2JjN2M0YzAiOnsiY3JlYXRlIjo2MDAwMDAwMDAwMDAsImRlbGV0ZSI6MTIwMDAwMDAwMDAwMH0sInNjaGVtYV92ZXJzaW9uIjoiMSJ9","dependencies":["aws_vpc.vpc_region2"]},{"index_key":2,"schema_version":1,"attributes":{"arn":"arn:aws:ec2:eu-west-1:154983253182:subnet/subnet-0641e73b0c4448496","assign_ipv6_address_on_creation":false,"availability_zone":"eu-west-1c","availability_zone_id":"euw1-az2","cidr_block":"10.12.3.0/24","customer_owned_ipv4_pool":"","enable_dns64":false,"enable_lni_at_device_index":0,"enable_resource_name_dns_a_record_on_launch":false,"enable_resource_name_dns_aaaa_record_on_launch":false,"id":"subnet-0641e73b0c4448496","ipv6_cidr_block":"","ipv6_cidr_block_association_id":"","ipv6_native":false,"map_customer_owned_ip_on_launch":false,"map_public_ip_on_launch":false,"outpost_arn":"","owner_id":"154983253182","private_dns_hostname_type_on_launch":"ip-name","tags":{"Name":"Revolut Private Subnet Secondary Region 3","application":"revolut","cost_center":"202506","environment":"secondary","owner":"infra_user","project":"Revolut","region":"eu-west-1"},"tags_all":{"Name":"Revolut Private Subnet Secondary Region 3","application":"revolut","cost_center":"202506","environment":"secondary","owner":"infra_user","project":"Revolut","region":"eu-west-1"},"timeouts":null,"vpc_id":"vpc-0c0a48d75d96dfb05"},"sensitive_attributes":[],"private":"eyJlMmJmYjczMC1lY2FhLTExZTYtOGY4OC0zNDM2M2JjN2M0YzAiOnsiY3JlYXRlIjo2MDAwMDAwMDAwMDAsImRlbGV0ZSI6MTIwMDAwMDAwMDAwMH0sInNjaGVtYV92ZXJzaW9uIjoiMSJ9","dependencies":["aws_vpc.vpc_region2"]}]},{"mode":"managed","type":"aws_vpc","name":"vpc_region1","provider":"provider[\"registry.opentofu.org/hashicorp/aws\"].primary_region","instances":[{"schema_version":1,"attributes":{"arn":"arn:aws:ec2:eu-west-3:154983253182:vpc/vpc-0b8bc0a6120e5ca35","assign_generated_ipv6_cidr_block":false,"cidr_block":"10.11.0.0/16","default_network_acl_id":"acl-0fcbc436a3f5694a4","default_route_table_id":"rtb-03a0eb17dfc790599","default_security_group_id":"sg-08702dacd7ff3aa00","dhcp_options_id":"dopt-05483864cbf94d1eb","enable_dns_hostnames":true,"enable_dns_support":true,"enable_network_address_usage_metrics":false,"id":"vpc-0b8bc0a6120e5ca35","instance_tenancy":"default","ipv4_ipam_pool_id":null,"ipv4_netmask_length":null,"ipv6_association_id":"","ipv6_cidr_block":"","ipv6_cidr_block_network_border_group":"","ipv6_ipam_pool_id":"","ipv6_netmask_length":0,"main_route_table_id":"rtb-03a0eb17dfc790599","owner_id":"154983253182","tags":{"Name":"Revolut VPC Primary Region","application":"revolut","cost_center":"202506","environment":"primary","owner":"infra_user","project":"Revolut","region":"eu-west-3"},"tags_all":{"Name":"Revolut VPC Primary Region","application":"revolut","cost_center":"202506","environment":"primary","owner":"infra_user","project":"Revolut","region":"eu-west-3"}},"sensitive_attributes":[],"private":"eyJzY2hlbWFfdmVyc2lvbiI6IjEifQ=="}]},{"mode":"managed","type":"aws_vpc","name":"vpc_region2","provider":"provider[\"registry.opentofu.org/hashicorp/aws\"].secondary_region","instances":[{"schema_version":1,"attributes":{"arn":"arn:aws:ec2:eu-west-1:154983253182:vpc/vpc-0c0a48d75d96dfb05","assign_generated_ipv6_cidr_block":false,"cidr_block":"10.12.0.0/16","default_network_acl_id":"acl-0e5643949ebbd571b","default_route_table_id":"rtb-0d6bcca52f281b5dd","default_security_group_id":"sg-066bdbede913ccf3c","dhcp_options_id":"dopt-073e06f4de5772f2e","enable_dns_hostnames":true,"enable_dns_support":true,"enable_network_address_usage_metrics":false,"id":"vpc-0c0a48d75d96dfb05","instance_tenancy":"default","ipv4_ipam_pool_id":null,"ipv4_netmask_length":null,"ipv6_association_id":"","ipv6_cidr_block":"","ipv6_cidr_block_network_border_group":"","ipv6_ipam_pool_id":"","ipv6_netmask_length":0,"main_route_table_id":"rtb-0d6bcca52f281b5dd","owner_id":"154983253182","tags":{"Name":"Revolut VPC Secondary Region","application":"revolut","cost_center":"202506","environment":"secondary","owner":"infra_user","project":"Revolut","region":"eu-west-1"},"tags_all":{"Name":"Revolut VPC Secondary Region","application":"revolut","cost_center":"202506","environment":"secondary","owner":"infra_user","project":"Revolut","region":"eu-west-1"}},"sensitive_attributes":[],"private":"eyJzY2hlbWFfdmVyc2lvbiI6IjEifQ=="}]}],"check_results":null}
